
Microsoft Visual Studio Solution File, Format Version 12.00
# Visual Studio Version 17
VisualStudioVersion = 17.7.34031.279
MinimumVisualStudioVersion = 10.0.40219.1
Project("{FAE04EC0-301F-11D3-BF4B-00C04F79EFBC}") = "ProjectWeb", "ProjectWeb\ProjectWeb.csproj", "{4CD735BF-EB6F-487E-886A-93BA186F25B8}"
EndProject
Global
	GlobalSection(SolutionConfigurationPlatforms) = preSolution
		Debug|Any CPU = Debug|Any CPU
		Release|Any CPU = Release|Any CPU
	EndGlobalSection
	GlobalSection(ProjectConfigurationPlatforms) = postSolution
		{4CD735BF-EB6F-487E-886A-93BA186F25B8}.Debug|Any CPU.ActiveCfg = Debug|Any CPU
		{4CD735BF-EB6F-487E-886A-93BA186F25B8}.Debug|Any CPU.Build.0 = Debug|Any CPU
		{4CD735BF-EB6F-487E-886A-93BA186F25B8}.Release|Any CPU.ActiveCfg = Release|Any CPU
		{4CD735BF-EB6F-487E-886A-93BA186F25B8}.Release|Any CPU.Build.0 = Release|Any CPU
	EndGlobalSection
	GlobalSection(SolutionProperties) = preSolution
		HideSolutionNode = FALSE
	EndGlobalSection
	GlobalSection(ExtensibilityGlobals) = postSolution
		SolutionGuid = {6E392DE6-7F39-4399-8D63-F52E630D1F5A}
	EndGlobalSection
EndGlobal
